
Microsoft Visual Studio Solution File, Format Version 12.00
Project("{FAE04EC0-301F-11D3-BF4B-00C04F79EFBC}") = "_build", "build\_build.csproj", "{E4B2FA4B-5F42-47B5-AB8F-AA37D6C78DAE}"
EndProject
Project("{2150E333-8FDC-42A3-9474-1A3956D46DE8}") = "src", "src", "{FF1D026A-5C92-45C4-9089-DA3B223E91A9}"
EndProject
Project("{2150E333-8FDC-42A3-9474-1A3956D46DE8}") = "tests", "tests", "{D5573387-0766-4541-9135-B29A93FCF4E8}"
EndProject
Project("{2150E333-8FDC-42A3-9474-1A3956D46DE8}") = "samples", "samples", "{F7389E2C-19A4-4640-9B19-777FBB65403C}"
EndProject
Project("{FAE04EC0-301F-11D3-BF4B-00C04F79EFBC}") = "Navi.Aws", "src\Navi.Aws\Navi.Aws.csproj", "{6E7A843A-6662-465B-BEF7-AE9DCB28E34A}"
EndProject
Project("{FAE04EC0-301F-11D3-BF4B-00C04F79EFBC}") = "Navi.Aws.Tests", "tests\Navi.Aws.Tests\Navi.Aws.Tests.csproj", "{0654330D-A8AC-4A3F-84DD-97EAD5A146A9}"
EndProject
Project("{FAE04EC0-301F-11D3-BF4B-00C04F79EFBC}") = "NaviConsumer", "samples\NaviConsumer\NaviConsumer.csproj", "{956B693B-F333-4C76-BA16-C47DDBD7915B}"
EndProject
Project("{FAE04EC0-301F-11D3-BF4B-00C04F79EFBC}") = "NaviPublisher", "samples\NaviPublisher\NaviPublisher.csproj", "{86564D5E-A0A7-4137-92BB-3ECD48093FB6}"
EndProject
Project("{FAE04EC0-301F-11D3-BF4B-00C04F79EFBC}") = "Navi.Testing", "src\Navi.Testing\Navi.Testing.csproj", "{68476127-816C-41AD-A07F-633AD553FAC9}"
EndProject
Project("{FAE04EC0-301F-11D3-BF4B-00C04F79EFBC}") = "Navi.Testing.Tests", "tests\Navi.Testing.Tests\Navi.Testing.Tests.csproj", "{F81B69B8-0A03-435C-A399-5389EBF032A5}"
EndProject
Global
	GlobalSection(SolutionConfigurationPlatforms) = preSolution
		Debug|Any CPU = Debug|Any CPU
		Release|Any CPU = Release|Any CPU
	EndGlobalSection
	GlobalSection(ProjectConfigurationPlatforms) = postSolution
		{E4B2FA4B-5F42-47B5-AB8F-AA37D6C78DAE}.Debug|Any CPU.ActiveCfg = Debug|Any CPU
		{E4B2FA4B-5F42-47B5-AB8F-AA37D6C78DAE}.Release|Any CPU.ActiveCfg = Release|Any CPU
		{6E7A843A-6662-465B-BEF7-AE9DCB28E34A}.Debug|Any CPU.ActiveCfg = Debug|Any CPU
		{6E7A843A-6662-465B-BEF7-AE9DCB28E34A}.Debug|Any CPU.Build.0 = Debug|Any CPU
		{6E7A843A-6662-465B-BEF7-AE9DCB28E34A}.Release|Any CPU.ActiveCfg = Release|Any CPU
		{6E7A843A-6662-465B-BEF7-AE9DCB28E34A}.Release|Any CPU.Build.0 = Release|Any CPU
		{0654330D-A8AC-4A3F-84DD-97EAD5A146A9}.Debug|Any CPU.ActiveCfg = Debug|Any CPU
		{0654330D-A8AC-4A3F-84DD-97EAD5A146A9}.Debug|Any CPU.Build.0 = Debug|Any CPU
		{0654330D-A8AC-4A3F-84DD-97EAD5A146A9}.Release|Any CPU.ActiveCfg = Release|Any CPU
		{0654330D-A8AC-4A3F-84DD-97EAD5A146A9}.Release|Any CPU.Build.0 = Release|Any CPU
		{956B693B-F333-4C76-BA16-C47DDBD7915B}.Debug|Any CPU.ActiveCfg = Debug|Any CPU
		{956B693B-F333-4C76-BA16-C47DDBD7915B}.Debug|Any CPU.Build.0 = Debug|Any CPU
		{956B693B-F333-4C76-BA16-C47DDBD7915B}.Release|Any CPU.ActiveCfg = Release|Any CPU
		{956B693B-F333-4C76-BA16-C47DDBD7915B}.Release|Any CPU.Build.0 = Release|Any CPU
		{86564D5E-A0A7-4137-92BB-3ECD48093FB6}.Debug|Any CPU.ActiveCfg = Debug|Any CPU
		{86564D5E-A0A7-4137-92BB-3ECD48093FB6}.Debug|Any CPU.Build.0 = Debug|Any CPU
		{86564D5E-A0A7-4137-92BB-3ECD48093FB6}.Release|Any CPU.ActiveCfg = Release|Any CPU
		{86564D5E-A0A7-4137-92BB-3ECD48093FB6}.Release|Any CPU.Build.0 = Release|Any CPU
		{68476127-816C-41AD-A07F-633AD553FAC9}.Debug|Any CPU.ActiveCfg = Debug|Any CPU
		{68476127-816C-41AD-A07F-633AD553FAC9}.Debug|Any CPU.Build.0 = Debug|Any CPU
		{68476127-816C-41AD-A07F-633AD553FAC9}.Release|Any CPU.ActiveCfg = Release|Any CPU
		{68476127-816C-41AD-A07F-633AD553FAC9}.Release|Any CPU.Build.0 = Release|Any CPU
		{F81B69B8-0A03-435C-A399-5389EBF032A5}.Debug|Any CPU.ActiveCfg = Debug|Any CPU
		{F81B69B8-0A03-435C-A399-5389EBF032A5}.Debug|Any CPU.Build.0 = Debug|Any CPU
		{F81B69B8-0A03-435C-A399-5389EBF032A5}.Release|Any CPU.ActiveCfg = Release|Any CPU
		{F81B69B8-0A03-435C-A399-5389EBF032A5}.Release|Any CPU.Build.0 = Release|Any CPU
	EndGlobalSection
	GlobalSection(NestedProjects) = preSolution
		{6E7A843A-6662-465B-BEF7-AE9DCB28E34A} = {FF1D026A-5C92-45C4-9089-DA3B223E91A9}
		{0654330D-A8AC-4A3F-84DD-97EAD5A146A9} = {D5573387-0766-4541-9135-B29A93FCF4E8}
		{956B693B-F333-4C76-BA16-C47DDBD7915B} = {F7389E2C-19A4-4640-9B19-777FBB65403C}
		{86564D5E-A0A7-4137-92BB-3ECD48093FB6} = {F7389E2C-19A4-4640-9B19-777FBB65403C}
		{68476127-816C-41AD-A07F-633AD553FAC9} = {FF1D026A-5C92-45C4-9089-DA3B223E91A9}
		{F81B69B8-0A03-435C-A399-5389EBF032A5} = {D5573387-0766-4541-9135-B29A93FCF4E8}
	EndGlobalSection
EndGlobal
